
Microsoft Visual Studio Solution File, Format Version 12.00
# Visual Studio Version 16
VisualStudioVersion = 16.0.30907.101
MinimumVisualStudioVersion = 10.0.40219.1
Project("{FAE04EC0-301F-11D3-BF4B-00C04F79EFBC}") = "csci-1302", "csci-1302\csci-1302.csproj", "{8D83E375-1D01-4DD2-9965-EDBA78F00582}"
EndProject
Global
	GlobalSection(SolutionConfigurationPlatforms) = preSolution
		Debug|Any CPU = Debug|Any CPU
		Release|Any CPU = Release|Any CPU
	EndGlobalSection
	GlobalSection(ProjectConfigurationPlatforms) = postSolution
		{8D83E375-1D01-4DD2-9965-EDBA78F00582}.Debug|Any CPU.ActiveCfg = Debug|Any CPU
		{8D83E375-1D01-4DD2-9965-EDBA78F00582}.Debug|Any CPU.Build.0 = Debug|Any CPU
		{8D83E375-1D01-4DD2-9965-EDBA78F00582}.Release|Any CPU.ActiveCfg = Release|Any CPU
		{8D83E375-1D01-4DD2-9965-EDBA78F00582}.Release|Any CPU.Build.0 = Release|Any CPU
	EndGlobalSection
	GlobalSection(SolutionProperties) = preSolution
		HideSolutionNode = FALSE
	EndGlobalSection
	GlobalSection(ExtensibilityGlobals) = postSolution
		SolutionGuid = {71662F7F-F32B-4D5D-BC0B-5C582772CBBA}
	EndGlobalSection
EndGlobal
