
Microsoft Visual Studio Solution File, Format Version 12.00
# Visual Studio Version 16
VisualStudioVersion = 16.0.30907.101
MinimumVisualStudioVersion = 10.0.40219.1
Project("{FAE04EC0-301F-11D3-BF4B-00C04F79EFBC}") = "Lecture2", "Lecture2\Lecture2.csproj", "{F575DADC-B01E-4EE3-9163-D5548651933F}"
EndProject
Global
	GlobalSection(SolutionConfigurationPlatforms) = preSolution
		Debug|Any CPU = Debug|Any CPU
		Release|Any CPU = Release|Any CPU
	EndGlobalSection
	GlobalSection(ProjectConfigurationPlatforms) = postSolution
		{F575DADC-B01E-4EE3-9163-D5548651933F}.Debug|Any CPU.ActiveCfg = Debug|Any CPU
		{F575DADC-B01E-4EE3-9163-D5548651933F}.Debug|Any CPU.Build.0 = Debug|Any CPU
		{F575DADC-B01E-4EE3-9163-D5548651933F}.Release|Any CPU.ActiveCfg = Release|Any CPU
		{F575DADC-B01E-4EE3-9163-D5548651933F}.Release|Any CPU.Build.0 = Release|Any CPU
	EndGlobalSection
	GlobalSection(SolutionProperties) = preSolution
		HideSolutionNode = FALSE
	EndGlobalSection
	GlobalSection(ExtensibilityGlobals) = postSolution
		SolutionGuid = {E1E004DF-E9BC-4697-88BF-EA30BA1A0875}
	EndGlobalSection
EndGlobal
